
Microsoft Visual Studio Solution File, Format Version 12.00
# Visual Studio 14
VisualStudioVersion = 14.0.25123.0
MinimumVisualStudioVersion = 10.0.40219.1
Project("{F088123C-0E9E-452A-89E6-6BA2F21D5CAC}") = "ModelingProject", "ModelingProject\ModelingProject.modelproj", "{6B730546-7184-495F-8156-7C42677581A9}"
EndProject
Project("{FAE04EC0-301F-11D3-BF4B-00C04F79EFBC}") = "SZ.Aisino.IntellEstate.DbEntity", "SZ.Aisino.IntellEstate.DbEntity\SZ.Aisino.IntellEstate.DbEntity.csproj", "{A9820C1D-EBDB-41B7-BC55-178A63015A95}"
EndProject
Project("{FAE04EC0-301F-11D3-BF4B-00C04F79EFBC}") = "SZ.Aisino.IntellEstate.DbContext", "SZ.Aisino.IntellEstate.DbContext\SZ.Aisino.IntellEstate.DbContext.csproj", "{382D2BD9-039C-4BF1-8D5C-097763348B44}"
EndProject
Global
	GlobalSection(SolutionConfigurationPlatforms) = preSolution
		Debug|Any CPU = Debug|Any CPU
		Release|Any CPU = Release|Any CPU
	EndGlobalSection
	GlobalSection(ProjectConfigurationPlatforms) = postSolution
		{6B730546-7184-495F-8156-7C42677581A9}.Debug|Any CPU.ActiveCfg = Debug|Any CPU
		{6B730546-7184-495F-8156-7C42677581A9}.Debug|Any CPU.Build.0 = Debug|Any CPU
		{6B730546-7184-495F-8156-7C42677581A9}.Release|Any CPU.ActiveCfg = Release|Any CPU
		{6B730546-7184-495F-8156-7C42677581A9}.Release|Any CPU.Build.0 = Release|Any CPU
		{A9820C1D-EBDB-41B7-BC55-178A63015A95}.Debug|Any CPU.ActiveCfg = Debug|Any CPU
		{A9820C1D-EBDB-41B7-BC55-178A63015A95}.Debug|Any CPU.Build.0 = Debug|Any CPU
		{A9820C1D-EBDB-41B7-BC55-178A63015A95}.Release|Any CPU.ActiveCfg = Release|Any CPU
		{A9820C1D-EBDB-41B7-BC55-178A63015A95}.Release|Any CPU.Build.0 = Release|Any CPU
		{382D2BD9-039C-4BF1-8D5C-097763348B44}.Debug|Any CPU.ActiveCfg = Debug|Any CPU
		{382D2BD9-039C-4BF1-8D5C-097763348B44}.Debug|Any CPU.Build.0 = Debug|Any CPU
		{382D2BD9-039C-4BF1-8D5C-097763348B44}.Release|Any CPU.ActiveCfg = Release|Any CPU
		{382D2BD9-039C-4BF1-8D5C-097763348B44}.Release|Any CPU.Build.0 = Release|Any CPU
	EndGlobalSection
	GlobalSection(SolutionProperties) = preSolution
		HideSolutionNode = FALSE
	EndGlobalSection
EndGlobal
